
Microsoft Visual Studio Solution File, Format Version 12.00
# Visual Studio Version 17
VisualStudioVersion = 17.5.33516.290
MinimumVisualStudioVersion = 10.0.40219.1
Project("{888888A0-9F3D-457C-B088-3A5042F75D52}") = "PyBMI", "PyBMI.pyproj", "{46D89856-A2C7-460E-8DDC-F027D45CF14B}"
EndProject
Global
	GlobalSection(SolutionConfigurationPlatforms) = preSolution
		Debug|Any CPU = Debug|Any CPU
		Release|Any CPU = Release|Any CPU
	EndGlobalSection
	GlobalSection(ProjectConfigurationPlatforms) = postSolution
		{46D89856-A2C7-460E-8DDC-F027D45CF14B}.Debug|Any CPU.ActiveCfg = Debug|Any CPU
		{46D89856-A2C7-460E-8DDC-F027D45CF14B}.Release|Any CPU.ActiveCfg = Release|Any CPU
	EndGlobalSection
	GlobalSection(SolutionProperties) = preSolution
		HideSolutionNode = FALSE
	EndGlobalSection
	GlobalSection(ExtensibilityGlobals) = postSolution
		SolutionGuid = {22E56F7D-0693-43F8-93E0-320B50F12563}
	EndGlobalSection
EndGlobal
